
Microsoft Visual Studio Solution File, Format Version 11.00
# Visual Studio 2010
Project("{F184B08F-C81C-45F6-A57F-5ABD9991F28F}") = "Password Generator XXX", "Password Generator XXX\Password Generator XXX.vbproj", "{C705BAAA-9552-40B2-98C4-D65BB8F57E80}"
EndProject
Global
	GlobalSection(SolutionConfigurationPlatforms) = preSolution
		Debug|x86 = Debug|x86
		Release|x86 = Release|x86
	EndGlobalSection
	GlobalSection(ProjectConfigurationPlatforms) = postSolution
		{C705BAAA-9552-40B2-98C4-D65BB8F57E80}.Debug|x86.ActiveCfg = Debug|x86
		{C705BAAA-9552-40B2-98C4-D65BB8F57E80}.Debug|x86.Build.0 = Debug|x86
		{C705BAAA-9552-40B2-98C4-D65BB8F57E80}.Release|x86.ActiveCfg = Release|x86
		{C705BAAA-9552-40B2-98C4-D65BB8F57E80}.Release|x86.Build.0 = Release|x86
	EndGlobalSection
	GlobalSection(SolutionProperties) = preSolution
		HideSolutionNode = FALSE
	EndGlobalSection
EndGlobal
